
Microsoft Visual Studio Solution File, Format Version 12.00
# Visual Studio Version 17
VisualStudioVersion = 17.4.33205.214
MinimumVisualStudioVersion = 10.0.40219.1
Project("{FAE04EC0-301F-11D3-BF4B-00C04F79EFBC}") = "Labwork 21.02.2023", "Labwork 21.02.2023.csproj", "{19C4AC55-7FCD-4FFE-BBBA-691E62E09DC3}"
EndProject
Global
	GlobalSection(SolutionConfigurationPlatforms) = preSolution
		Debug|Any CPU = Debug|Any CPU
		Release|Any CPU = Release|Any CPU
	EndGlobalSection
	GlobalSection(ProjectConfigurationPlatforms) = postSolution
		{19C4AC55-7FCD-4FFE-BBBA-691E62E09DC3}.Debug|Any CPU.ActiveCfg = Debug|Any CPU
		{19C4AC55-7FCD-4FFE-BBBA-691E62E09DC3}.Debug|Any CPU.Build.0 = Debug|Any CPU
		{19C4AC55-7FCD-4FFE-BBBA-691E62E09DC3}.Release|Any CPU.ActiveCfg = Release|Any CPU
		{19C4AC55-7FCD-4FFE-BBBA-691E62E09DC3}.Release|Any CPU.Build.0 = Release|Any CPU
	EndGlobalSection
	GlobalSection(SolutionProperties) = preSolution
		HideSolutionNode = FALSE
	EndGlobalSection
	GlobalSection(ExtensibilityGlobals) = postSolution
		SolutionGuid = {7120E6AA-269E-47C5-A67A-0B6970901D19}
	EndGlobalSection
EndGlobal
